
Microsoft Visual Studio Solution File, Format Version 12.00
# Visual Studio Version 16
VisualStudioVersion = 16.0.31729.503
MinimumVisualStudioVersion = 10.0.40219.1
Project("{2150E333-8FDC-42A3-9474-1A3956D46DE8}") = "Setup - Shared files", "Setup - Shared files", "{586EDFA5-4EB4-48C7-BA93-1FD64B51033E}"
	ProjectSection(SolutionItems) = preProject
		SetupShared\RegTRMI.vbs = SetupShared\RegTRMI.vbs
		SetupShared\RemoveVersion1.0.4.4.vbs = SetupShared\RemoveVersion1.0.4.4.vbs
		SetupShared\UpdateProductGuidForProjects.vbs = SetupShared\UpdateProductGuidForProjects.vbs
	EndProjectSection
EndProject
Project("{2150E333-8FDC-42A3-9474-1A3956D46DE8}") = "Setup", "Setup", "{3AF88AC6-8E87-4885-ADD4-2E43C0FFE4C9}"
EndProject
Project("{2150E333-8FDC-42A3-9474-1A3956D46DE8}") = "Plugin", "Plugin", "{0EA8F0E6-F0B7-4F05-910C-D250FF86185B}"
EndProject
Project("{FAE04EC0-301F-11D3-BF4B-00C04F79EFBC}") = "TurtleMine", "TurtleMine\TurtleMine.csproj", "{6F1A5334-54D4-4D68-9A95-72D41B0E8087}"
EndProject
Project("{54435603-DBB4-11D2-8724-00A0C9A8B90C}") = "Setup-x86", "Setup32bit\Setup-x86.vdproj", "{D4E4AB85-4463-41C4-9989-5D5D01421869}"
EndProject
Project("{54435603-DBB4-11D2-8724-00A0C9A8B90C}") = "Setup-x64", "Setup64bit\Setup-x64.vdproj", "{72FB773B-CCD8-4463-95DB-36626FC36BFE}"
EndProject
Project("{FAE04EC0-301F-11D3-BF4B-00C04F79EFBC}") = "TurtleMineConfig", "TurtleMineConfig\TurtleMineConfig.csproj", "{C99D57C0-E375-40B2-B9B8-78529172DD76}"
	ProjectSection(ProjectDependencies) = postProject
		{6F1A5334-54D4-4D68-9A95-72D41B0E8087} = {6F1A5334-54D4-4D68-9A95-72D41B0E8087}
	EndProjectSection
EndProject
Project("{2150E333-8FDC-42A3-9474-1A3956D46DE8}") = "Solution Items", "Solution Items", "{832E3FE2-80C7-4071-B7DE-6BDA42126B05}"
	ProjectSection(SolutionItems) = preProject
		build.targets = build.targets
	EndProjectSection
EndProject
Project("{930C7802-8A8C-48F9-8165-68863BCCD9DD}") = "Setup_x64", "Setup\Setup_x64.wixproj", "{0308128E-031F-4E5A-A3F5-ED90B917CCC2}"
EndProject
Project("{930C7802-8A8C-48F9-8165-68863BCCD9DD}") = "Setup_x86", "Setup\Setup_x86.wixproj", "{73986D47-6D2C-4761-858A-4BBC7C969AD8}"
EndProject
Global
	GlobalSection(SolutionConfigurationPlatforms) = preSolution
		Debug|Any CPU = Debug|Any CPU
		Release|Any CPU = Release|Any CPU
	EndGlobalSection
	GlobalSection(ProjectConfigurationPlatforms) = postSolution
		{6F1A5334-54D4-4D68-9A95-72D41B0E8087}.Debug|Any CPU.ActiveCfg = Debug|Any CPU
		{6F1A5334-54D4-4D68-9A95-72D41B0E8087}.Debug|Any CPU.Build.0 = Debug|Any CPU
		{6F1A5334-54D4-4D68-9A95-72D41B0E8087}.Release|Any CPU.ActiveCfg = Release|Any CPU
		{6F1A5334-54D4-4D68-9A95-72D41B0E8087}.Release|Any CPU.Build.0 = Release|Any CPU
		{D4E4AB85-4463-41C4-9989-5D5D01421869}.Debug|Any CPU.ActiveCfg = Debug
		{D4E4AB85-4463-41C4-9989-5D5D01421869}.Release|Any CPU.ActiveCfg = Release
		{72FB773B-CCD8-4463-95DB-36626FC36BFE}.Debug|Any CPU.ActiveCfg = Debug
		{72FB773B-CCD8-4463-95DB-36626FC36BFE}.Release|Any CPU.ActiveCfg = Release
		{C99D57C0-E375-40B2-B9B8-78529172DD76}.Debug|Any CPU.ActiveCfg = Debug|Any CPU
		{C99D57C0-E375-40B2-B9B8-78529172DD76}.Debug|Any CPU.Build.0 = Debug|Any CPU
		{C99D57C0-E375-40B2-B9B8-78529172DD76}.Release|Any CPU.ActiveCfg = Release|Any CPU
		{C99D57C0-E375-40B2-B9B8-78529172DD76}.Release|Any CPU.Build.0 = Release|Any CPU
		{0308128E-031F-4E5A-A3F5-ED90B917CCC2}.Debug|Any CPU.ActiveCfg = Debug|x86
		{0308128E-031F-4E5A-A3F5-ED90B917CCC2}.Release|Any CPU.ActiveCfg = Release|x64
		{0308128E-031F-4E5A-A3F5-ED90B917CCC2}.Release|Any CPU.Build.0 = Release|x64
		{73986D47-6D2C-4761-858A-4BBC7C969AD8}.Debug|Any CPU.ActiveCfg = Debug|x86
		{73986D47-6D2C-4761-858A-4BBC7C969AD8}.Release|Any CPU.ActiveCfg = Release|x86
		{73986D47-6D2C-4761-858A-4BBC7C969AD8}.Release|Any CPU.Build.0 = Release|x86
	EndGlobalSection
	GlobalSection(SolutionProperties) = preSolution
		HideSolutionNode = FALSE
	EndGlobalSection
	GlobalSection(NestedProjects) = preSolution
		{6F1A5334-54D4-4D68-9A95-72D41B0E8087} = {0EA8F0E6-F0B7-4F05-910C-D250FF86185B}
		{D4E4AB85-4463-41C4-9989-5D5D01421869} = {3AF88AC6-8E87-4885-ADD4-2E43C0FFE4C9}
		{72FB773B-CCD8-4463-95DB-36626FC36BFE} = {3AF88AC6-8E87-4885-ADD4-2E43C0FFE4C9}
		{C99D57C0-E375-40B2-B9B8-78529172DD76} = {0EA8F0E6-F0B7-4F05-910C-D250FF86185B}
		{0308128E-031F-4E5A-A3F5-ED90B917CCC2} = {3AF88AC6-8E87-4885-ADD4-2E43C0FFE4C9}
		{73986D47-6D2C-4761-858A-4BBC7C969AD8} = {3AF88AC6-8E87-4885-ADD4-2E43C0FFE4C9}
	EndGlobalSection
	GlobalSection(ExtensibilityGlobals) = postSolution
		SolutionGuid = {9E487472-50AC-44F2-879D-5D3217BC30FC}
	EndGlobalSection
EndGlobal
